// !$*UTF8*$!
{
	archiveVersion = 1;
	classes = {
	};
	objectVersion = 50;
	objects = {

/* Begin PBXBuildFile section */
		82FBBAE922602C3200DC3ACA /* AppDelegate.m in Sources */ = {isa = PBXBuildFile; fileRef = 82FBBAE822602C3200DC3ACA /* AppDelegate.m */; };
		82FBBAEC22602C3200DC3ACA /* ViewController.m in Sources */ = {isa = PBXBuildFile; fileRef = 82FBBAEB22602C3200DC3ACA /* ViewController.m */; };
		82FBBAEE22602C3300DC3ACA /* Assets.xcassets in Resources */ = {isa = PBXBuildFile; fileRef = 82FBBAED22602C3300DC3ACA /* Assets.xcassets */; };
		82FBBAF122602C3300DC3ACA /* Main.storyboard in Resources */ = {isa = PBXBuildFile; fileRef = 82FBBAEF22602C3300DC3ACA /* Main.storyboard */; };
		82FBBAF422602C3300DC3ACA /* main.m in Sources */ = {isa = PBXBuildFile; fileRef = 82FBBAF322602C3300DC3ACA /* main.m */; };
		82FBBAFD2260311500DC3ACA /* customView.m in Sources */ = {isa = PBXBuildFile; fileRef = 82FBBAFC2260311500DC3ACA /* customView.m */; };
/* End PBXBuildFile section */

/* Begin PBXFileReference section */
		82FBBAE422602C3200DC3ACA /* viewkeyEvent.app */ = {isa = PBXFileReference; explicitFileType = wrapper.application; includeInIndex = 0; path = viewkeyEvent.app; sourceTree = BUILT_PRODUCTS_DIR; };
		82FBBAE722602C3200DC3ACA /* AppDelegate.h */ = {isa = PBXFileReference; lastKnownFileType = sourcecode.c.h; path = AppDelegate.h; sourceTree = "<group>"; };
		82FBBAE822602C3200DC3ACA /* AppDelegate.m */ = {isa = PBXFileReference; lastKnownFileType = sourcecode.c.objc; path = AppDelegate.m; sourceTree = "<group>"; };
		82FBBAEA22602C3200DC3ACA /* ViewController.h */ = {isa = PBXFileReference; lastKnownFileType = sourcecode.c.h; path = ViewController.h; sourceTree = "<group>"; };
		82FBBAEB22602C3200DC3ACA /* ViewController.m */ = {isa = PBXFileReference; lastKnownFileType = sourcecode.c.objc; path = ViewController.m; sourceTree = "<group>"; };
		82FBBAED22602C3300DC3ACA /* Assets.xcassets */ = {isa = PBXFileReference; lastKnownFileType = folder.assetcatalog; path = Assets.xcassets; sourceTree = "<group>"; };
		82FBBAF022602C3300DC3ACA /* Base */ = {isa = PBXFileReference; lastKnownFileType = file.storyboard; name = Base; path = Base.lproj/Main.storyboard; sourceTree = "<group>"; };
		82FBBAF222602C3300DC3ACA /* Info.plist */ = {isa = PBXFileReference; lastKnownFileType = text.plist.xml; path = Info.plist; sourceTree = "<group>"; };
		82FBBAF322602C3300DC3ACA /* main.m */ = {isa = PBXFileReference; lastKnownFileType = sourcecode.c.objc; path = main.m; sourceTree = "<group>"; };
		82FBBAF522602C3300DC3ACA /* viewkeyEvent.entitlements */ = {isa = PBXFileReference; lastKnownFileType = text.plist.entitlements; path = viewkeyEvent.entitlements; sourceTree = "<group>"; };
		82FBBAFB2260311500DC3ACA /* customView.h */ = {isa = PBXFileReference; lastKnownFileType = sourcecode.c.h; path = customView.h; sourceTree = "<group>"; };
		82FBBAFC2260311500DC3ACA /* customView.m */ = {isa = PBXFileReference; lastKnownFileType = sourcecode.c.objc; path = customView.m; sourceTree = "<group>"; };
/* End PBXFileReference section */

/* Begin PBXFrameworksBuildPhase section */
		82FBBAE122602C3200DC3ACA /* Frameworks */ = {
			isa = PBXFrameworksBuildPhase;
			buildActionMask = 2147483647;
			files = (
			);
			runOnlyForDeploymentPostprocessing = 0;
		};
/* End PBXFrameworksBuildPhase section */

/* Begin PBXGroup section */
		82FBBADB22602C3200DC3ACA = {
			isa = PBXGroup;
			children = (
				82FBBAE622602C3200DC3ACA /* viewkeyEvent */,
				82FBBAE522602C3200DC3ACA /* Products */,
			);
			sourceTree = "<group>";
		};
		82FBBAE522602C3200DC3ACA /* Products */ = {
			isa = PBXGroup;
			children = (
				82FBBAE422602C3200DC3ACA /* viewkeyEvent.app */,
			);
			name = Products;
			sourceTree = "<group>";
		};
		82FBBAE622602C3200DC3ACA /* viewkeyEvent */ = {
			isa = PBXGroup;
			children = (
				82FBBAE722602C3200DC3ACA /* AppDelegate.h */,
				82FBBAE822602C3200DC3ACA /* AppDelegate.m */,
				82FBBAEA22602C3200DC3ACA /* ViewController.h */,
				82FBBAEB22602C3200DC3ACA /* ViewController.m */,
				82FBBAFB2260311500DC3ACA /* customView.h */,
				82FBBAFC2260311500DC3ACA /* customView.m */,
				82FBBAED22602C3300DC3ACA /* Assets.xcassets */,
				82FBBAEF22602C3300DC3ACA /* Main.storyboard */,
				82FBBAF222602C3300DC3ACA /* Info.plist */,
				82FBBAF322602C3300DC3ACA /* main.m */,
				82FBBAF522602C3300DC3ACA /* viewkeyEvent.entitlements */,
			);
			path = viewkeyEvent;
			sourceTree = "<group>";
		};
/* End PBXGroup section */

/* Begin PBXNativeTarget section */
		82FBBAE322602C3200DC3ACA /* viewkeyEvent */ = {
			isa = PBXNativeTarget;
			buildConfigurationList = 82FBBAF822602C3300DC3ACA /* Build configuration list for PBXNativeTarget "viewkeyEvent" */;
			buildPhases = (
				82FBBAE022602C3200DC3ACA /* Sources */,
				82FBBAE122602C3200DC3ACA /* Frameworks */,
				82FBBAE222602C3200DC3ACA /* Resources */,
			);
			buildRules = (
			);
			dependencies = (
			);
			name = viewkeyEvent;
			productName = viewkeyEvent;
			productReference = 82FBBAE422602C3200DC3ACA /* viewkeyEvent.app */;
			productType = "com.apple.product-type.application";
		};
/* End PBXNativeTarget section */

/* Begin PBXProject section */
		82FBBADC22602C3200DC3ACA /* Project object */ = {
			isa = PBXProject;
			attributes = {
				LastUpgradeCheck = 1010;
				ORGANIZATIONNAME = ludy;
				TargetAttributes = {
					82FBBAE322602C3200DC3ACA = {
						CreatedOnToolsVersion = 10.1;
					};
				};
			};
			buildConfigurationList = 82FBBADF22602C3200DC3ACA /* Build configuration list for PBXProject "viewkeyEvent" */;
			compatibilityVersion = "Xcode 9.3";
			developmentRegion = en;
			hasScannedForEncodings = 0;
			knownRegions = (
				en,
				Base,
			);
			mainGroup = 82FBBADB22602C3200DC3ACA;
			productRefGroup = 82FBBAE522602C3200DC3ACA /* Products */;
			projectDirPath = "";
			projectRoot = "";
			targets = (
				82FBBAE322602C3200DC3ACA /* viewkeyEvent */,
			);
		};
/* End PBXProject section */

/* Begin PBXResourcesBuildPhase section */
		82FBBAE222602C3200DC3ACA /* Resources */ = {
			isa = PBXResourcesBuildPhase;
			buildActionMask = 2147483647;
			files = (
				82FBBAEE22602C3300DC3ACA /* Assets.xcassets in Resources */,
				82FBBAF122602C3300DC3ACA /* Main.storyboard in Resources */,
			);
			runOnlyForDeploymentPostprocessing = 0;
		};
/* End PBXResourcesBuildPhase section */

/* Begin PBXSourcesBuildPhase section */
		82FBBAE022602C3200DC3ACA /* Sources */ = {
			isa = PBXSourcesBuildPhase;
			buildActionMask = 2147483647;
			files = (
				82FBBAEC22602C3200DC3ACA /* ViewController.m in Sources */,
				82FBBAFD2260311500DC3ACA /* customView.m in Sources */,
				82FBBAF422602C3300DC3ACA /* main.m in Sources */,
				82FBBAE922602C3200DC3ACA /* AppDelegate.m in Sources */,
			);
			runOnlyForDeploymentPostprocessing = 0;
		};
/* End PBXSourcesBuildPhase section */

/* Begin PBXVariantGroup section */
		82FBBAEF22602C3300DC3ACA /* Main.storyboard */ = {
			isa = PBXVariantGroup;
			children = (
				82FBBAF022602C3300DC3ACA /* Base */,
			);
			name = Main.storyboard;
			sourceTree = "<group>";
		};
/* End PBXVariantGroup section */

/* Begin XCBuildConfiguration section */
		82FBBAF622602C3300DC3ACA /* Debug */ = {
			isa = XCBuildConfiguration;
			buildSettings = {
				ALWAYS_SEARCH_USER_PATHS = NO;
				CLANG_ANALYZER_NONNULL = YES;
				CLANG_ANALYZER_NUMBER_OBJECT_CONVERSION = YES_AGGRESSIVE;
				CLANG_CXX_LANGUAGE_STANDARD = "gnu++14";
				CLANG_CXX_LIBRARY = "libc++";
				CLANG_ENABLE_MODULES = YES;
				CLANG_ENABLE_OBJC_ARC = YES;
				CLANG_ENABLE_OBJC_WEAK = YES;
				CLANG_WARN_BLOCK_CAPTURE_AUTORELEASING = YES;
				CLANG_WARN_BOOL_CONVERSION = YES;
				CLANG_WARN_COMMA = YES;
				CLANG_WARN_CONSTANT_CONVERSION = YES;
				CLANG_WARN_DEPRECATED_OBJC_IMPLEMENTATIONS = YES;
				CLANG_WARN_DIRECT_OBJC_ISA_USAGE = YES_ERROR;
				CLANG_WARN_DOCUMENTATION_COMMENTS = YES;
				CLANG_WARN_EMPTY_BODY = YES;
				CLANG_WARN_ENUM_CONVERSION = YES;
				CLANG_WARN_INFINITE_RECURSION = YES;
				CLANG_WARN_INT_CONVERSION = YES;
				CLANG_WARN_NON_LITERAL_NULL_CONVERSION = YES;
				CLANG_WARN_OBJC_IMPLICIT_RETAIN_SELF = YES;
				CLANG_WARN_OBJC_LITERAL_CONVERSION = YES;
				CLANG_WARN_OBJC_ROOT_CLASS = YES_ERROR;
				CLANG_WARN_RANGE_LOOP_ANALYSIS = YES;
				CLANG_WARN_STRICT_PROTOTYPES = YES;
				CLANG_WARN_SUSPICIOUS_MOVE = YES;
				CLANG_WARN_UNGUARDED_AVAILABILITY = YES_AGGRESSIVE;
				CLANG_WARN_UNREACHABLE_CODE = YES;
				CLANG_WARN__DUPLICATE_METHOD_MATCH = YES;
				CODE_SIGN_IDENTITY = "Mac Developer";
				COPY_PHASE_STRIP = NO;
				DEBUG_INFORMATION_FORMAT = dwarf;
				ENABLE_STRICT_OBJC_MSGSEND = YES;
				ENABLE_TESTABILITY = YES;
				GCC_C_LANGUAGE_STANDARD = gnu11;
				GCC_DYNAMIC_NO_PIC = NO;
				GCC_NO_COMMON_BLOCKS = YES;
				GCC_OPTIMIZATION_LEVEL = 0;
				GCC_PREPROCESSOR_DEFINITIONS = (
					"DEBUG=1",
					"$(inherited)",
				);
				GCC_WARN_64_TO_32_BIT_CONVERSION = YES;
				GCC_WARN_ABOUT_RETURN_TYPE = YES_ERROR;
				GCC_WARN_UNDECLARED_SELECTOR = YES;
				GCC_WARN_UNINITIALIZED_AUTOS = YES_AGGRESSIVE;
				GCC_WARN_UNUSED_FUNCTION = YES;
				GCC_WARN_UNUSED_VARIABLE = YES;
				MACOSX_DEPLOYMENT_TARGET = 10.14;
				MTL_ENABLE_DEBUG_INFO = INCLUDE_SOURCE;
				MTL_FAST_MATH = YES;
				ONLY_ACTIVE_ARCH = YES;
				SDKROOT = macosx;
			};
			name = Debug;
		};
		82FBBAF722602C3300DC3ACA /* Release */ = {
			isa = XCBuildConfiguration;
			buildSettings = {
				ALWAYS_SEARCH_USER_PATHS = NO;
				CLANG_ANALYZER_NONNULL = YES;
				CLANG_ANALYZER_NUMBER_OBJECT_CONVERSION = YES_AGGRESSIVE;
				CLANG_CXX_LANGUAGE_STANDARD = "gnu++14";
				CLANG_CXX_LIBRARY = "libc++";
				CLANG_ENABLE_MODULES = YES;
				CLANG_ENABLE_OBJC_ARC = YES;
				CLANG_ENABLE_OBJC_WEAK = YES;
				CLANG_WARN_BLOCK_CAPTURE_AUTORELEASING = YES;
				CLANG_WARN_BOOL_CONVERSION = YES;
				CLANG_WARN_COMMA = YES;
				CLANG_WARN_CONSTANT_CONVERSION = YES;
				CLANG_WARN_DEPRECATED_OBJC_IMPLEMENTATIONS = YES;
				CLANG_WARN_DIRECT_OBJC_ISA_USAGE = YES_ERROR;
				CLANG_WARN_DOCUMENTATION_COMMENTS = YES;
				CLANG_WARN_EMPTY_BODY = YES;
				CLANG_WARN_ENUM_CONVERSION = YES;
				CLANG_WARN_INFINITE_RECURSION = YES;
				CLANG_WARN_INT_CONVERSION = YES;
				CLANG_WARN_NON_LITERAL_NULL_CONVERSION = YES;
				CLANG_WARN_OBJC_IMPLICIT_RETAIN_SELF = YES;
				CLANG_WARN_OBJC_LITERAL_CONVERSION = YES;
				CLANG_WARN_OBJC_ROOT_CLASS = YES_ERROR;
				CLANG_WARN_RANGE_LOOP_ANALYSIS = YES;
				CLANG_WARN_STRICT_PROTOTYPES = YES;
				CLANG_WARN_SUSPICIOUS_MOVE = YES;
				CLANG_WARN_UNGUARDED_AVAILABILITY = YES_AGGRESSIVE;
				CLANG_WARN_UNREACHABLE_CODE = YES;
				CLANG_WARN__DUPLICATE_METHOD_MATCH = YES;
				CODE_SIGN_IDENTITY = "Mac Developer";
				COPY_PHASE_STRIP = NO;
				DEBUG_INFORMATION_FORMAT = "dwarf-with-dsym";
				ENABLE_NS_ASSERTIONS = NO;
				ENABLE_STRICT_OBJC_MSGSEND = YES;
				GCC_C_LANGUAGE_STANDARD = gnu11;
				GCC_NO_COMMON_BLOCKS = YES;
				GCC_WARN_64_TO_32_BIT_CONVERSION = YES;
				GCC_WARN_ABOUT_RETURN_TYPE = YES_ERROR;
				GCC_WARN_UNDECLARED_SELECTOR = YES;
				GCC_WARN_UNINITIALIZED_AUTOS = YES_AGGRESSIVE;
				GCC_WARN_UNUSED_FUNCTION = YES;
				GCC_WARN_UNUSED_VARIABLE = YES;
				MACOSX_DEPLOYMENT_TARGET = 10.14;
				MTL_ENABLE_DEBUG_INFO = NO;
				MTL_FAST_MATH = YES;
				SDKROOT = macosx;
			};
			name = Release;
		};
		82FBBAF922602C3300DC3ACA /* Debug */ = {
			isa = XCBuildConfiguration;
			buildSettings = {
				ASSETCATALOG_COMPILER_APPICON_NAME = AppIcon;
				CODE_SIGN_ENTITLEMENTS = viewkeyEvent/viewkeyEvent.entitlements;
				CODE_SIGN_STYLE = Automatic;
				COMBINE_HIDPI_IMAGES = YES;
				DEVELOPMENT_TEAM = Z5746XC6B4;
				INFOPLIST_FILE = viewkeyEvent/Info.plist;
				LD_RUNPATH_SEARCH_PATHS = (
					"$(inherited)",
					"@executable_path/../Frameworks",
				);
				PRODUCT_BUNDLE_IDENTIFIER = com.mason.viewkeyEvent;
				PRODUCT_NAME = "$(TARGET_NAME)";
			};
			name = Debug;
		};
		82FBBAFA22602C3300DC3ACA /* Release */ = {
			isa = XCBuildConfiguration;
			buildSettings = {
				ASSETCATALOG_COMPILER_APPICON_NAME = AppIcon;
				CODE_SIGN_ENTITLEMENTS = viewkeyEvent/viewkeyEvent.entitlements;
				CODE_SIGN_STYLE = Automatic;
				COMBINE_HIDPI_IMAGES = YES;
				DEVELOPMENT_TEAM = Z5746XC6B4;
				INFOPLIST_FILE = viewkeyEvent/Info.plist;
				LD_RUNPATH_SEARCH_PATHS = (
					"$(inherited)",
					"@executable_path/../Frameworks",
				);
				PRODUCT_BUNDLE_IDENTIFIER = com.mason.viewkeyEvent;
				PRODUCT_NAME = "$(TARGET_NAME)";
			};
			name = Release;
		};
/* End XCBuildConfiguration section */

/* Begin XCConfigurationList section */
		82FBBADF22602C3200DC3ACA /* Build configuration list for PBXProject "viewkeyEvent" */ = {
			isa = XCConfigurationList;
			buildConfigurations = (
				82FBBAF622602C3300DC3ACA /* Debug */,
				82FBBAF722602C3300DC3ACA /* Release */,
			);
			defaultConfigurationIsVisible = 0;
			defaultConfigurationName = Release;
		};
		82FBBAF822602C3300DC3ACA /* Build configuration list for PBXNativeTarget "viewkeyEvent" */ = {
			isa = XCConfigurationList;
			buildConfigurations = (
				82FBBAF922602C3300DC3ACA /* Debug */,
				82FBBAFA22602C3300DC3ACA /* Release */,
			);
			defaultConfigurationIsVisible = 0;
			defaultConfigurationName = Release;
		};
/* End XCConfigurationList section */
	};
	rootObject = 82FBBADC22602C3200DC3ACA /* Project object */;
}
